
Microsoft Visual Studio Solution File, Format Version 11.00
# Visual Studio 2010
Project("{FAE04EC0-301F-11D3-BF4B-00C04F79EFBC}") = "COMArray", "COMArray\COMArray.csproj", "{BB849A66-BC8E-4E04-9783-6C5B3992B340}"
EndProject
Global
	GlobalSection(SubversionScc) = preSolution
		Svn-Managed = True
		Manager = AnkhSVN - Subversion Support for Visual Studio
	EndGlobalSection
	GlobalSection(SolutionConfigurationPlatforms) = preSolution
		Debug|Any CPU = Debug|Any CPU
		Release|Any CPU = Release|Any CPU
	EndGlobalSection
	GlobalSection(ProjectConfigurationPlatforms) = postSolution
		{BB849A66-BC8E-4E04-9783-6C5B3992B340}.Debug|Any CPU.ActiveCfg = Debug|Any CPU
		{BB849A66-BC8E-4E04-9783-6C5B3992B340}.Debug|Any CPU.Build.0 = Debug|Any CPU
		{BB849A66-BC8E-4E04-9783-6C5B3992B340}.Release|Any CPU.ActiveCfg = Release|Any CPU
		{BB849A66-BC8E-4E04-9783-6C5B3992B340}.Release|Any CPU.Build.0 = Release|Any CPU
	EndGlobalSection
	GlobalSection(SolutionProperties) = preSolution
		HideSolutionNode = FALSE
	EndGlobalSection
EndGlobal
